
Microsoft Visual Studio Solution File, Format Version 12.00
# Visual Studio 15
Project("{FAE04EC0-301F-11D3-BF4B-00C04F79EFBC}") = "Assembly-CSharp", "Assembly-CSharp.csproj", "{3D724691-1E83-5964-1358-02C55BDB4EA2}"
EndProject
Project("{FAE04EC0-301F-11D3-BF4B-00C04F79EFBC}") = "Assembly-CSharp-Editor", "Assembly-CSharp-Editor.csproj", "{D111EE57-6CD0-C8F7-D393-A007AC5A4BFC}"
EndProject
Global
	GlobalSection(SolutionConfigurationPlatforms) = preSolution
		Debug|Any CPU = Debug|Any CPU
		Release|Any CPU = Release|Any CPU
	EndGlobalSection
	GlobalSection(ProjectConfigurationPlatforms) = postSolution
		{3D724691-1E83-5964-1358-02C55BDB4EA2}.Debug|Any CPU.ActiveCfg = Debug|Any CPU
		{3D724691-1E83-5964-1358-02C55BDB4EA2}.Debug|Any CPU.Build.0 = Debug|Any CPU
		{3D724691-1E83-5964-1358-02C55BDB4EA2}.Release|Any CPU.ActiveCfg = Release|Any CPU
		{3D724691-1E83-5964-1358-02C55BDB4EA2}.Release|Any CPU.Build.0 = Release|Any CPU
		{D111EE57-6CD0-C8F7-D393-A007AC5A4BFC}.Debug|Any CPU.ActiveCfg = Debug|Any CPU
		{D111EE57-6CD0-C8F7-D393-A007AC5A4BFC}.Debug|Any CPU.Build.0 = Debug|Any CPU
		{D111EE57-6CD0-C8F7-D393-A007AC5A4BFC}.Release|Any CPU.ActiveCfg = Release|Any CPU
		{D111EE57-6CD0-C8F7-D393-A007AC5A4BFC}.Release|Any CPU.Build.0 = Release|Any CPU
	EndGlobalSection
	GlobalSection(SolutionProperties) = preSolution
		HideSolutionNode = FALSE
	EndGlobalSection
EndGlobal
